
Microsoft Visual Studio Solution File, Format Version 12.00
# Visual Studio Version 17
VisualStudioVersion = 17.4.33122.133
MinimumVisualStudioVersion = 10.0.40219.1
Project("{9A19103F-16F7-4668-BE54-9A1E7A4F7556}") = "Generic", "Generic\Generic.csproj", "{9EFB7F79-F7BD-4796-BC35-7484B83DC94D}"
EndProject
Global
	GlobalSection(SolutionConfigurationPlatforms) = preSolution
		Debug|Any CPU = Debug|Any CPU
		Release|Any CPU = Release|Any CPU
	EndGlobalSection
	GlobalSection(ProjectConfigurationPlatforms) = postSolution
		{9EFB7F79-F7BD-4796-BC35-7484B83DC94D}.Debug|Any CPU.ActiveCfg = Debug|Any CPU
		{9EFB7F79-F7BD-4796-BC35-7484B83DC94D}.Debug|Any CPU.Build.0 = Debug|Any CPU
		{9EFB7F79-F7BD-4796-BC35-7484B83DC94D}.Release|Any CPU.ActiveCfg = Release|Any CPU
		{9EFB7F79-F7BD-4796-BC35-7484B83DC94D}.Release|Any CPU.Build.0 = Release|Any CPU
	EndGlobalSection
	GlobalSection(SolutionProperties) = preSolution
		HideSolutionNode = FALSE
	EndGlobalSection
	GlobalSection(ExtensibilityGlobals) = postSolution
		SolutionGuid = {BC7950B6-9863-4E74-92F5-D9AD2071FCCD}
	EndGlobalSection
EndGlobal
